
Microsoft Visual Studio Solution File, Format Version 12.00
# Visual Studio 15
Project("{FAE04EC0-301F-11D3-BF4B-00C04F79EFBC}") = "Assembly-CSharp", "Assembly-CSharp.csproj", "{7019A47E-B228-64AA-2DC2-B80D67E9F939}"
EndProject
Project("{FAE04EC0-301F-11D3-BF4B-00C04F79EFBC}") = "Assembly-CSharp-Editor", "Assembly-CSharp-Editor.csproj", "{487640F9-E481-100B-DAB8-DB9C8B9E96F6}"
EndProject
Global
	GlobalSection(SolutionConfigurationPlatforms) = preSolution
		Debug|Any CPU = Debug|Any CPU
		Release|Any CPU = Release|Any CPU
	EndGlobalSection
	GlobalSection(ProjectConfigurationPlatforms) = postSolution
		{7019A47E-B228-64AA-2DC2-B80D67E9F939}.Debug|Any CPU.ActiveCfg = Debug|Any CPU
		{7019A47E-B228-64AA-2DC2-B80D67E9F939}.Debug|Any CPU.Build.0 = Debug|Any CPU
		{7019A47E-B228-64AA-2DC2-B80D67E9F939}.Release|Any CPU.ActiveCfg = Release|Any CPU
		{7019A47E-B228-64AA-2DC2-B80D67E9F939}.Release|Any CPU.Build.0 = Release|Any CPU
		{487640F9-E481-100B-DAB8-DB9C8B9E96F6}.Debug|Any CPU.ActiveCfg = Debug|Any CPU
		{487640F9-E481-100B-DAB8-DB9C8B9E96F6}.Debug|Any CPU.Build.0 = Debug|Any CPU
		{487640F9-E481-100B-DAB8-DB9C8B9E96F6}.Release|Any CPU.ActiveCfg = Release|Any CPU
		{487640F9-E481-100B-DAB8-DB9C8B9E96F6}.Release|Any CPU.Build.0 = Release|Any CPU
	EndGlobalSection
	GlobalSection(SolutionProperties) = preSolution
		HideSolutionNode = FALSE
	EndGlobalSection
EndGlobal
