
Microsoft Visual Studio Solution File, Format Version 12.00
# Visual Studio 2015
Project("{FAE04EC0-301F-11D3-BF4B-00C04F79EFBC}") = "UnityVS.BigLixoProject", "UnityVS.BigLixoProject.csproj", "{4E7DFEDC-EE40-3464-BA64-9C40479085D7}"
EndProject
Project("{FAE04EC0-301F-11D3-BF4B-00C04F79EFBC}") = "UnityVS.BigLixoProject.Editor", "UnityVS.BigLixoProject.Editor.csproj", "{6EC0C3EC-906A-814E-BD24-AC88AE74EDDB}"
EndProject
Global
	GlobalSection(SolutionConfigurationPlatforms) = preSolution
		Debug|Any CPU = Debug|Any CPU
		Release|Any CPU = Release|Any CPU
	EndGlobalSection
	GlobalSection(ProjectConfigurationPlatforms) = postSolution
		{4E7DFEDC-EE40-3464-BA64-9C40479085D7}.Debug|Any CPU.ActiveCfg = Debug|Any CPU
		{4E7DFEDC-EE40-3464-BA64-9C40479085D7}.Debug|Any CPU.Build.0 = Debug|Any CPU
		{4E7DFEDC-EE40-3464-BA64-9C40479085D7}.Release|Any CPU.ActiveCfg = Release|Any CPU
		{4E7DFEDC-EE40-3464-BA64-9C40479085D7}.Release|Any CPU.Build.0 = Release|Any CPU
		{6EC0C3EC-906A-814E-BD24-AC88AE74EDDB}.Debug|Any CPU.ActiveCfg = Debug|Any CPU
		{6EC0C3EC-906A-814E-BD24-AC88AE74EDDB}.Debug|Any CPU.Build.0 = Debug|Any CPU
		{6EC0C3EC-906A-814E-BD24-AC88AE74EDDB}.Release|Any CPU.ActiveCfg = Release|Any CPU
		{6EC0C3EC-906A-814E-BD24-AC88AE74EDDB}.Release|Any CPU.Build.0 = Release|Any CPU
	EndGlobalSection
	GlobalSection(SolutionProperties) = preSolution
		HideSolutionNode = FALSE
	EndGlobalSection
EndGlobal
